
Microsoft Visual Studio Solution File, Format Version 12.00
# Visual Studio Version 17
VisualStudioVersion = 17.14.36915.13 d17.14
MinimumVisualStudioVersion = 10.0.40219.1
Project("{FAE04EC0-301F-11D3-BF4B-00C04F79EFBC}") = "DossoChat26", "DossoChat26\DossoChat26.csproj", "{DF485184-40D4-4398-A1A6-B6540568BB2B}"
EndProject
Global
	GlobalSection(SolutionConfigurationPlatforms) = preSolution
		Debug|Any CPU = Debug|Any CPU
		Release|Any CPU = Release|Any CPU
	EndGlobalSection
	GlobalSection(ProjectConfigurationPlatforms) = postSolution
		{DF485184-40D4-4398-A1A6-B6540568BB2B}.Debug|Any CPU.ActiveCfg = Debug|Any CPU
		{DF485184-40D4-4398-A1A6-B6540568BB2B}.Debug|Any CPU.Build.0 = Debug|Any CPU
		{DF485184-40D4-4398-A1A6-B6540568BB2B}.Release|Any CPU.ActiveCfg = Release|Any CPU
		{DF485184-40D4-4398-A1A6-B6540568BB2B}.Release|Any CPU.Build.0 = Release|Any CPU
	EndGlobalSection
	GlobalSection(SolutionProperties) = preSolution
		HideSolutionNode = FALSE
	EndGlobalSection
	GlobalSection(ExtensibilityGlobals) = postSolution
		SolutionGuid = {3EA1F415-F355-4492-8C0D-5D3D5F21B71D}
	EndGlobalSection
EndGlobal
